
Microsoft Visual Studio Solution File, Format Version 12.00
# Visual Studio Version 16
VisualStudioVersion = 16.0.28315.86
MinimumVisualStudioVersion = 10.0.40219.1
Project("{2150E333-8FDC-42A3-9474-1A3956D46DE8}") = "Engine", "Engine", "{AA5173E9-43A4-4F3E-81EC-875F71BBFE17}"
EndProject
Project("{2150E333-8FDC-42A3-9474-1A3956D46DE8}") = "Games", "Games", "{D75B5EA7-A93B-4F26-9831-595C1493315E}"
EndProject
Project("{8BC9CEB8-8B4A-11D0-8D11-00A0C91BC942}") = "Vanguard2", "Intermediate\ProjectFiles\Vanguard2.vcxproj", "{CFC76F09-D580-4E19-AAAA-352D66A1CF10}"
EndProject
Project("{8BC9CEB8-8B4A-11D0-8D11-00A0C91BC942}") = "UE4", "Intermediate\ProjectFiles\UE4.vcxproj", "{7C04907C-61C9-4AA2-A687-88EF4A7EBA33}"
EndProject
Project("{2150E333-8FDC-42A3-9474-1A3956D46DE8}") = "Visualizers", "Visualizers", "{87C8451C-A259-484D-9C1E-8EC5350C0CCE}"
	ProjectSection(SolutionItems) = preProject
		D:\Program Files\Unreal Engine\UE_4.22\Engine\Extras\VisualStudioDebugging\UE4.natvis = D:\Program Files\Unreal Engine\UE_4.22\Engine\Extras\VisualStudioDebugging\UE4.natvis
	EndProjectSection
EndProject
Global
	GlobalSection(SolutionConfigurationPlatforms) = preSolution
		DebugGame Editor|HTML5 = DebugGame Editor|HTML5
		DebugGame Editor|IOS = DebugGame Editor|IOS
		DebugGame Editor|Win32 = DebugGame Editor|Win32
		DebugGame Editor|Win64 = DebugGame Editor|Win64
		DebugGame|HTML5 = DebugGame|HTML5
		DebugGame|IOS = DebugGame|IOS
		DebugGame|Win32 = DebugGame|Win32
		DebugGame|Win64 = DebugGame|Win64
		Development Editor|HTML5 = Development Editor|HTML5
		Development Editor|IOS = Development Editor|IOS
		Development Editor|Win32 = Development Editor|Win32
		Development Editor|Win64 = Development Editor|Win64
		Development|HTML5 = Development|HTML5
		Development|IOS = Development|IOS
		Development|Win32 = Development|Win32
		Development|Win64 = Development|Win64
		Shipping|HTML5 = Shipping|HTML5
		Shipping|IOS = Shipping|IOS
		Shipping|Win32 = Shipping|Win32
		Shipping|Win64 = Shipping|Win64
	EndGlobalSection
	GlobalSection(ProjectConfigurationPlatforms) = postSolution
		{CFC76F09-D580-4E19-AAAA-352D66A1CF10}.DebugGame Editor|HTML5.ActiveCfg = Invalid|Win32
		{CFC76F09-D580-4E19-AAAA-352D66A1CF10}.DebugGame Editor|IOS.ActiveCfg = Invalid|Win32
		{CFC76F09-D580-4E19-AAAA-352D66A1CF10}.DebugGame Editor|Win32.ActiveCfg = Invalid|Win32
		{CFC76F09-D580-4E19-AAAA-352D66A1CF10}.DebugGame Editor|Win64.ActiveCfg = DebugGame_Editor|x64
		{CFC76F09-D580-4E19-AAAA-352D66A1CF10}.DebugGame Editor|Win64.Build.0 = DebugGame_Editor|x64
		{CFC76F09-D580-4E19-AAAA-352D66A1CF10}.DebugGame|HTML5.ActiveCfg = HTML5_DebugGame|Win32
		{CFC76F09-D580-4E19-AAAA-352D66A1CF10}.DebugGame|HTML5.Build.0 = HTML5_DebugGame|Win32
		{CFC76F09-D580-4E19-AAAA-352D66A1CF10}.DebugGame|IOS.ActiveCfg = IOS_DebugGame|Win32
		{CFC76F09-D580-4E19-AAAA-352D66A1CF10}.DebugGame|IOS.Build.0 = IOS_DebugGame|Win32
		{CFC76F09-D580-4E19-AAAA-352D66A1CF10}.DebugGame|Win32.ActiveCfg = DebugGame|Win32
		{CFC76F09-D580-4E19-AAAA-352D66A1CF10}.DebugGame|Win32.Build.0 = DebugGame|Win32
		{CFC76F09-D580-4E19-AAAA-352D66A1CF10}.DebugGame|Win64.ActiveCfg = DebugGame|x64
		{CFC76F09-D580-4E19-AAAA-352D66A1CF10}.DebugGame|Win64.Build.0 = DebugGame|x64
		{CFC76F09-D580-4E19-AAAA-352D66A1CF10}.Development Editor|HTML5.ActiveCfg = Invalid|Win32
		{CFC76F09-D580-4E19-AAAA-352D66A1CF10}.Development Editor|IOS.ActiveCfg = Invalid|Win32
		{CFC76F09-D580-4E19-AAAA-352D66A1CF10}.Development Editor|Win32.ActiveCfg = Invalid|Win32
		{CFC76F09-D580-4E19-AAAA-352D66A1CF10}.Development Editor|Win64.ActiveCfg = Development_Editor|x64
		{CFC76F09-D580-4E19-AAAA-352D66A1CF10}.Development Editor|Win64.Build.0 = Development_Editor|x64
		{CFC76F09-D580-4E19-AAAA-352D66A1CF10}.Development|HTML5.ActiveCfg = HTML5_Development|Win32
		{CFC76F09-D580-4E19-AAAA-352D66A1CF10}.Development|HTML5.Build.0 = HTML5_Development|Win32
		{CFC76F09-D580-4E19-AAAA-352D66A1CF10}.Development|IOS.ActiveCfg = IOS_Development|Win32
		{CFC76F09-D580-4E19-AAAA-352D66A1CF10}.Development|IOS.Build.0 = IOS_Development|Win32
		{CFC76F09-D580-4E19-AAAA-352D66A1CF10}.Development|Win32.ActiveCfg = Development|Win32
		{CFC76F09-D580-4E19-AAAA-352D66A1CF10}.Development|Win32.Build.0 = Development|Win32
		{CFC76F09-D580-4E19-AAAA-352D66A1CF10}.Development|Win64.ActiveCfg = Development|x64
		{CFC76F09-D580-4E19-AAAA-352D66A1CF10}.Development|Win64.Build.0 = Development|x64
		{CFC76F09-D580-4E19-AAAA-352D66A1CF10}.Shipping|HTML5.ActiveCfg = HTML5_Shipping|Win32
		{CFC76F09-D580-4E19-AAAA-352D66A1CF10}.Shipping|HTML5.Build.0 = HTML5_Shipping|Win32
		{CFC76F09-D580-4E19-AAAA-352D66A1CF10}.Shipping|IOS.ActiveCfg = IOS_Shipping|Win32
		{CFC76F09-D580-4E19-AAAA-352D66A1CF10}.Shipping|IOS.Build.0 = IOS_Shipping|Win32
		{CFC76F09-D580-4E19-AAAA-352D66A1CF10}.Shipping|Win32.ActiveCfg = Shipping|Win32
		{CFC76F09-D580-4E19-AAAA-352D66A1CF10}.Shipping|Win32.Build.0 = Shipping|Win32
		{CFC76F09-D580-4E19-AAAA-352D66A1CF10}.Shipping|Win64.ActiveCfg = Shipping|x64
		{CFC76F09-D580-4E19-AAAA-352D66A1CF10}.Shipping|Win64.Build.0 = Shipping|x64
		{7C04907C-61C9-4AA2-A687-88EF4A7EBA33}.DebugGame Editor|HTML5.ActiveCfg = BuiltWithUnrealBuildTool|Win32
		{7C04907C-61C9-4AA2-A687-88EF4A7EBA33}.DebugGame Editor|IOS.ActiveCfg = BuiltWithUnrealBuildTool|Win32
		{7C04907C-61C9-4AA2-A687-88EF4A7EBA33}.DebugGame Editor|Win32.ActiveCfg = BuiltWithUnrealBuildTool|Win32
		{7C04907C-61C9-4AA2-A687-88EF4A7EBA33}.DebugGame Editor|Win64.ActiveCfg = BuiltWithUnrealBuildTool|Win32
		{7C04907C-61C9-4AA2-A687-88EF4A7EBA33}.DebugGame|HTML5.ActiveCfg = BuiltWithUnrealBuildTool|Win32
		{7C04907C-61C9-4AA2-A687-88EF4A7EBA33}.DebugGame|IOS.ActiveCfg = BuiltWithUnrealBuildTool|Win32
		{7C04907C-61C9-4AA2-A687-88EF4A7EBA33}.DebugGame|Win32.ActiveCfg = BuiltWithUnrealBuildTool|Win32
		{7C04907C-61C9-4AA2-A687-88EF4A7EBA33}.DebugGame|Win64.ActiveCfg = BuiltWithUnrealBuildTool|Win32
		{7C04907C-61C9-4AA2-A687-88EF4A7EBA33}.Development Editor|HTML5.ActiveCfg = BuiltWithUnrealBuildTool|Win32
		{7C04907C-61C9-4AA2-A687-88EF4A7EBA33}.Development Editor|IOS.ActiveCfg = BuiltWithUnrealBuildTool|Win32
		{7C04907C-61C9-4AA2-A687-88EF4A7EBA33}.Development Editor|Win32.ActiveCfg = BuiltWithUnrealBuildTool|Win32
		{7C04907C-61C9-4AA2-A687-88EF4A7EBA33}.Development Editor|Win64.ActiveCfg = BuiltWithUnrealBuildTool|Win32
		{7C04907C-61C9-4AA2-A687-88EF4A7EBA33}.Development|HTML5.ActiveCfg = BuiltWithUnrealBuildTool|Win32
		{7C04907C-61C9-4AA2-A687-88EF4A7EBA33}.Development|IOS.ActiveCfg = BuiltWithUnrealBuildTool|Win32
		{7C04907C-61C9-4AA2-A687-88EF4A7EBA33}.Development|Win32.ActiveCfg = BuiltWithUnrealBuildTool|Win32
		{7C04907C-61C9-4AA2-A687-88EF4A7EBA33}.Development|Win64.ActiveCfg = BuiltWithUnrealBuildTool|Win32
		{7C04907C-61C9-4AA2-A687-88EF4A7EBA33}.Shipping|HTML5.ActiveCfg = BuiltWithUnrealBuildTool|Win32
		{7C04907C-61C9-4AA2-A687-88EF4A7EBA33}.Shipping|IOS.ActiveCfg = BuiltWithUnrealBuildTool|Win32
		{7C04907C-61C9-4AA2-A687-88EF4A7EBA33}.Shipping|Win32.ActiveCfg = BuiltWithUnrealBuildTool|Win32
		{7C04907C-61C9-4AA2-A687-88EF4A7EBA33}.Shipping|Win64.ActiveCfg = BuiltWithUnrealBuildTool|Win32
	EndGlobalSection
	GlobalSection(SolutionProperties) = preSolution
		HideSolutionNode = FALSE
	EndGlobalSection
	GlobalSection(NestedProjects) = preSolution
		{7C04907C-61C9-4AA2-A687-88EF4A7EBA33} = {AA5173E9-43A4-4F3E-81EC-875F71BBFE17}
		{CFC76F09-D580-4E19-AAAA-352D66A1CF10} = {D75B5EA7-A93B-4F26-9831-595C1493315E}
	EndGlobalSection
EndGlobal
